
Microsoft Visual Studio Solution File, Format Version 12.00
# Visual Studio Version 17
VisualStudioVersion = 17.6.33829.357
MinimumVisualStudioVersion = 10.0.40219.1
Project("{9A19103F-16F7-4668-BE54-9A1E7A4F7556}") = "KundenBlazorApp.Server", "KundenBlazorApp\Server\KundenBlazorApp.Server.csproj", "{CA7EB9A4-4DC4-4343-A2EB-8A8EBDF5DD34}"
EndProject
Project("{9A19103F-16F7-4668-BE54-9A1E7A4F7556}") = "KundenBlazorApp.Client", "KundenBlazorApp\Client\KundenBlazorApp.Client.csproj", "{BD27037F-1B4A-4BD9-9363-880906367651}"
EndProject
Project("{9A19103F-16F7-4668-BE54-9A1E7A4F7556}") = "KundenBlazorApp.Shared", "KundenBlazorApp\Shared\KundenBlazorApp.Shared.csproj", "{F9380D48-F6EA-49E0-8146-4EE972301965}"
EndProject
Global
	GlobalSection(SolutionConfigurationPlatforms) = preSolution
		Debug|Any CPU = Debug|Any CPU
		Release|Any CPU = Release|Any CPU
	EndGlobalSection
	GlobalSection(ProjectConfigurationPlatforms) = postSolution
		{CA7EB9A4-4DC4-4343-A2EB-8A8EBDF5DD34}.Debug|Any CPU.ActiveCfg = Debug|Any CPU
		{CA7EB9A4-4DC4-4343-A2EB-8A8EBDF5DD34}.Debug|Any CPU.Build.0 = Debug|Any CPU
		{CA7EB9A4-4DC4-4343-A2EB-8A8EBDF5DD34}.Release|Any CPU.ActiveCfg = Release|Any CPU
		{CA7EB9A4-4DC4-4343-A2EB-8A8EBDF5DD34}.Release|Any CPU.Build.0 = Release|Any CPU
		{BD27037F-1B4A-4BD9-9363-880906367651}.Debug|Any CPU.ActiveCfg = Debug|Any CPU
		{BD27037F-1B4A-4BD9-9363-880906367651}.Debug|Any CPU.Build.0 = Debug|Any CPU
		{BD27037F-1B4A-4BD9-9363-880906367651}.Release|Any CPU.ActiveCfg = Release|Any CPU
		{BD27037F-1B4A-4BD9-9363-880906367651}.Release|Any CPU.Build.0 = Release|Any CPU
		{F9380D48-F6EA-49E0-8146-4EE972301965}.Debug|Any CPU.ActiveCfg = Debug|Any CPU
		{F9380D48-F6EA-49E0-8146-4EE972301965}.Debug|Any CPU.Build.0 = Debug|Any CPU
		{F9380D48-F6EA-49E0-8146-4EE972301965}.Release|Any CPU.ActiveCfg = Release|Any CPU
		{F9380D48-F6EA-49E0-8146-4EE972301965}.Release|Any CPU.Build.0 = Release|Any CPU
	EndGlobalSection
	GlobalSection(SolutionProperties) = preSolution
		HideSolutionNode = FALSE
	EndGlobalSection
	GlobalSection(ExtensibilityGlobals) = postSolution
		SolutionGuid = {CC399226-3CC6-405F-9047-19693C078631}
	EndGlobalSection
EndGlobal
